
Microsoft Visual Studio Solution File, Format Version 12.00
# Visual Studio 15
VisualStudioVersion = 15.0.26124.0
MinimumVisualStudioVersion = 15.0.26124.0
Project("{FAE04EC0-301F-11D3-BF4B-00C04F79EFBC}") = "Models", "Models\Models.csproj", "{A3043DC8-2F5D-4D9C-B634-0CBDF7A60B1A}"
EndProject
Project("{FAE04EC0-301F-11D3-BF4B-00C04F79EFBC}") = "Persistence", "Persistence\Persistence.csproj", "{71B071D8-638D-48FD-AE81-09570E3FB84E}"
EndProject
Project("{FAE04EC0-301F-11D3-BF4B-00C04F79EFBC}") = "API", "API\API.csproj", "{2E4F6E36-D6EA-43F5-BE41-F57E60319F67}"
EndProject
Project("{FAE04EC0-301F-11D3-BF4B-00C04F79EFBC}") = "ApiRest", "ApiRest\ApiRest.csproj", "{75A5279C-5C20-41CB-9E9C-C56EC1C59665}"
EndProject
Project("{FAE04EC0-301F-11D3-BF4B-00C04F79EFBC}") = "ApiViews", "ApiViews\ApiViews.csproj", "{7663DD7F-74E3-4F4E-8507-B61706E5A93C}"
EndProject
Global
	GlobalSection(SolutionConfigurationPlatforms) = preSolution
		Debug|Any CPU = Debug|Any CPU
		Debug|x64 = Debug|x64
		Debug|x86 = Debug|x86
		Release|Any CPU = Release|Any CPU
		Release|x64 = Release|x64
		Release|x86 = Release|x86
	EndGlobalSection
	GlobalSection(SolutionProperties) = preSolution
		HideSolutionNode = FALSE
	EndGlobalSection
	GlobalSection(ProjectConfigurationPlatforms) = postSolution
		{01C540E5-3903-435E-ABFA-6E6C998F632A}.Debug|Any CPU.ActiveCfg = Debug|Any CPU
		{01C540E5-3903-435E-ABFA-6E6C998F632A}.Debug|Any CPU.Build.0 = Debug|Any CPU
		{01C540E5-3903-435E-ABFA-6E6C998F632A}.Debug|x64.ActiveCfg = Debug|x64
		{01C540E5-3903-435E-ABFA-6E6C998F632A}.Debug|x64.Build.0 = Debug|x64
		{01C540E5-3903-435E-ABFA-6E6C998F632A}.Debug|x86.ActiveCfg = Debug|x86
		{01C540E5-3903-435E-ABFA-6E6C998F632A}.Debug|x86.Build.0 = Debug|x86
		{01C540E5-3903-435E-ABFA-6E6C998F632A}.Release|Any CPU.ActiveCfg = Release|Any CPU
		{01C540E5-3903-435E-ABFA-6E6C998F632A}.Release|Any CPU.Build.0 = Release|Any CPU
		{01C540E5-3903-435E-ABFA-6E6C998F632A}.Release|x64.ActiveCfg = Release|x64
		{01C540E5-3903-435E-ABFA-6E6C998F632A}.Release|x64.Build.0 = Release|x64
		{01C540E5-3903-435E-ABFA-6E6C998F632A}.Release|x86.ActiveCfg = Release|x86
		{01C540E5-3903-435E-ABFA-6E6C998F632A}.Release|x86.Build.0 = Release|x86
		{60084061-3FDD-4CC3-A8D0-D0B996E4241F}.Debug|Any CPU.ActiveCfg = Debug|Any CPU
		{60084061-3FDD-4CC3-A8D0-D0B996E4241F}.Debug|Any CPU.Build.0 = Debug|Any CPU
		{60084061-3FDD-4CC3-A8D0-D0B996E4241F}.Debug|x64.ActiveCfg = Debug|x64
		{60084061-3FDD-4CC3-A8D0-D0B996E4241F}.Debug|x64.Build.0 = Debug|x64
		{60084061-3FDD-4CC3-A8D0-D0B996E4241F}.Debug|x86.ActiveCfg = Debug|x86
		{60084061-3FDD-4CC3-A8D0-D0B996E4241F}.Debug|x86.Build.0 = Debug|x86
		{60084061-3FDD-4CC3-A8D0-D0B996E4241F}.Release|Any CPU.ActiveCfg = Release|Any CPU
		{60084061-3FDD-4CC3-A8D0-D0B996E4241F}.Release|Any CPU.Build.0 = Release|Any CPU
		{60084061-3FDD-4CC3-A8D0-D0B996E4241F}.Release|x64.ActiveCfg = Release|x64
		{60084061-3FDD-4CC3-A8D0-D0B996E4241F}.Release|x64.Build.0 = Release|x64
		{60084061-3FDD-4CC3-A8D0-D0B996E4241F}.Release|x86.ActiveCfg = Release|x86
		{60084061-3FDD-4CC3-A8D0-D0B996E4241F}.Release|x86.Build.0 = Release|x86
		{A5FD43E2-23FF-4CF0-981A-DC3540EEE5D8}.Debug|Any CPU.ActiveCfg = Debug|Any CPU
		{A5FD43E2-23FF-4CF0-981A-DC3540EEE5D8}.Debug|Any CPU.Build.0 = Debug|Any CPU
		{A5FD43E2-23FF-4CF0-981A-DC3540EEE5D8}.Debug|x64.ActiveCfg = Debug|x64
		{A5FD43E2-23FF-4CF0-981A-DC3540EEE5D8}.Debug|x64.Build.0 = Debug|x64
		{A5FD43E2-23FF-4CF0-981A-DC3540EEE5D8}.Debug|x86.ActiveCfg = Debug|x86
		{A5FD43E2-23FF-4CF0-981A-DC3540EEE5D8}.Debug|x86.Build.0 = Debug|x86
		{A5FD43E2-23FF-4CF0-981A-DC3540EEE5D8}.Release|Any CPU.ActiveCfg = Release|Any CPU
		{A5FD43E2-23FF-4CF0-981A-DC3540EEE5D8}.Release|Any CPU.Build.0 = Release|Any CPU
		{A5FD43E2-23FF-4CF0-981A-DC3540EEE5D8}.Release|x64.ActiveCfg = Release|x64
		{A5FD43E2-23FF-4CF0-981A-DC3540EEE5D8}.Release|x64.Build.0 = Release|x64
		{A5FD43E2-23FF-4CF0-981A-DC3540EEE5D8}.Release|x86.ActiveCfg = Release|x86
		{A5FD43E2-23FF-4CF0-981A-DC3540EEE5D8}.Release|x86.Build.0 = Release|x86
		{A3043DC8-2F5D-4D9C-B634-0CBDF7A60B1A}.Debug|Any CPU.ActiveCfg = Debug|Any CPU
		{A3043DC8-2F5D-4D9C-B634-0CBDF7A60B1A}.Debug|Any CPU.Build.0 = Debug|Any CPU
		{A3043DC8-2F5D-4D9C-B634-0CBDF7A60B1A}.Debug|x64.ActiveCfg = Debug|x64
		{A3043DC8-2F5D-4D9C-B634-0CBDF7A60B1A}.Debug|x64.Build.0 = Debug|x64
		{A3043DC8-2F5D-4D9C-B634-0CBDF7A60B1A}.Debug|x86.ActiveCfg = Debug|x86
		{A3043DC8-2F5D-4D9C-B634-0CBDF7A60B1A}.Debug|x86.Build.0 = Debug|x86
		{A3043DC8-2F5D-4D9C-B634-0CBDF7A60B1A}.Release|Any CPU.ActiveCfg = Release|Any CPU
		{A3043DC8-2F5D-4D9C-B634-0CBDF7A60B1A}.Release|Any CPU.Build.0 = Release|Any CPU
		{A3043DC8-2F5D-4D9C-B634-0CBDF7A60B1A}.Release|x64.ActiveCfg = Release|x64
		{A3043DC8-2F5D-4D9C-B634-0CBDF7A60B1A}.Release|x64.Build.0 = Release|x64
		{A3043DC8-2F5D-4D9C-B634-0CBDF7A60B1A}.Release|x86.ActiveCfg = Release|x86
		{A3043DC8-2F5D-4D9C-B634-0CBDF7A60B1A}.Release|x86.Build.0 = Release|x86
		{71B071D8-638D-48FD-AE81-09570E3FB84E}.Debug|Any CPU.ActiveCfg = Debug|Any CPU
		{71B071D8-638D-48FD-AE81-09570E3FB84E}.Debug|Any CPU.Build.0 = Debug|Any CPU
		{71B071D8-638D-48FD-AE81-09570E3FB84E}.Debug|x64.ActiveCfg = Debug|x64
		{71B071D8-638D-48FD-AE81-09570E3FB84E}.Debug|x64.Build.0 = Debug|x64
		{71B071D8-638D-48FD-AE81-09570E3FB84E}.Debug|x86.ActiveCfg = Debug|x86
		{71B071D8-638D-48FD-AE81-09570E3FB84E}.Debug|x86.Build.0 = Debug|x86
		{71B071D8-638D-48FD-AE81-09570E3FB84E}.Release|Any CPU.ActiveCfg = Release|Any CPU
		{71B071D8-638D-48FD-AE81-09570E3FB84E}.Release|Any CPU.Build.0 = Release|Any CPU
		{71B071D8-638D-48FD-AE81-09570E3FB84E}.Release|x64.ActiveCfg = Release|x64
		{71B071D8-638D-48FD-AE81-09570E3FB84E}.Release|x64.Build.0 = Release|x64
		{71B071D8-638D-48FD-AE81-09570E3FB84E}.Release|x86.ActiveCfg = Release|x86
		{71B071D8-638D-48FD-AE81-09570E3FB84E}.Release|x86.Build.0 = Release|x86
		{2E4F6E36-D6EA-43F5-BE41-F57E60319F67}.Debug|Any CPU.ActiveCfg = Debug|Any CPU
		{2E4F6E36-D6EA-43F5-BE41-F57E60319F67}.Debug|Any CPU.Build.0 = Debug|Any CPU
		{2E4F6E36-D6EA-43F5-BE41-F57E60319F67}.Debug|x64.ActiveCfg = Debug|x64
		{2E4F6E36-D6EA-43F5-BE41-F57E60319F67}.Debug|x64.Build.0 = Debug|x64
		{2E4F6E36-D6EA-43F5-BE41-F57E60319F67}.Debug|x86.ActiveCfg = Debug|x86
		{2E4F6E36-D6EA-43F5-BE41-F57E60319F67}.Debug|x86.Build.0 = Debug|x86
		{2E4F6E36-D6EA-43F5-BE41-F57E60319F67}.Release|Any CPU.ActiveCfg = Release|Any CPU
		{2E4F6E36-D6EA-43F5-BE41-F57E60319F67}.Release|Any CPU.Build.0 = Release|Any CPU
		{2E4F6E36-D6EA-43F5-BE41-F57E60319F67}.Release|x64.ActiveCfg = Release|x64
		{2E4F6E36-D6EA-43F5-BE41-F57E60319F67}.Release|x64.Build.0 = Release|x64
		{2E4F6E36-D6EA-43F5-BE41-F57E60319F67}.Release|x86.ActiveCfg = Release|x86
		{2E4F6E36-D6EA-43F5-BE41-F57E60319F67}.Release|x86.Build.0 = Release|x86
		{AD323CC2-7077-4B97-B648-9EBFD91F42A2}.Debug|Any CPU.ActiveCfg = Debug|Any CPU
		{AD323CC2-7077-4B97-B648-9EBFD91F42A2}.Debug|Any CPU.Build.0 = Debug|Any CPU
		{AD323CC2-7077-4B97-B648-9EBFD91F42A2}.Debug|x64.ActiveCfg = Debug|x64
		{AD323CC2-7077-4B97-B648-9EBFD91F42A2}.Debug|x64.Build.0 = Debug|x64
		{AD323CC2-7077-4B97-B648-9EBFD91F42A2}.Debug|x86.ActiveCfg = Debug|x86
		{AD323CC2-7077-4B97-B648-9EBFD91F42A2}.Debug|x86.Build.0 = Debug|x86
		{AD323CC2-7077-4B97-B648-9EBFD91F42A2}.Release|Any CPU.ActiveCfg = Release|Any CPU
		{AD323CC2-7077-4B97-B648-9EBFD91F42A2}.Release|Any CPU.Build.0 = Release|Any CPU
		{AD323CC2-7077-4B97-B648-9EBFD91F42A2}.Release|x64.ActiveCfg = Release|x64
		{AD323CC2-7077-4B97-B648-9EBFD91F42A2}.Release|x64.Build.0 = Release|x64
		{AD323CC2-7077-4B97-B648-9EBFD91F42A2}.Release|x86.ActiveCfg = Release|x86
		{AD323CC2-7077-4B97-B648-9EBFD91F42A2}.Release|x86.Build.0 = Release|x86
		{D0A8C93B-5294-4411-9279-B28CBA7DB638}.Debug|Any CPU.ActiveCfg = Debug|Any CPU
		{D0A8C93B-5294-4411-9279-B28CBA7DB638}.Debug|Any CPU.Build.0 = Debug|Any CPU
		{D0A8C93B-5294-4411-9279-B28CBA7DB638}.Debug|x64.ActiveCfg = Debug|x64
		{D0A8C93B-5294-4411-9279-B28CBA7DB638}.Debug|x64.Build.0 = Debug|x64
		{D0A8C93B-5294-4411-9279-B28CBA7DB638}.Debug|x86.ActiveCfg = Debug|x86
		{D0A8C93B-5294-4411-9279-B28CBA7DB638}.Debug|x86.Build.0 = Debug|x86
		{D0A8C93B-5294-4411-9279-B28CBA7DB638}.Release|Any CPU.ActiveCfg = Release|Any CPU
		{D0A8C93B-5294-4411-9279-B28CBA7DB638}.Release|Any CPU.Build.0 = Release|Any CPU
		{D0A8C93B-5294-4411-9279-B28CBA7DB638}.Release|x64.ActiveCfg = Release|x64
		{D0A8C93B-5294-4411-9279-B28CBA7DB638}.Release|x64.Build.0 = Release|x64
		{D0A8C93B-5294-4411-9279-B28CBA7DB638}.Release|x86.ActiveCfg = Release|x86
		{D0A8C93B-5294-4411-9279-B28CBA7DB638}.Release|x86.Build.0 = Release|x86
		{75A5279C-5C20-41CB-9E9C-C56EC1C59665}.Debug|Any CPU.ActiveCfg = Debug|Any CPU
		{75A5279C-5C20-41CB-9E9C-C56EC1C59665}.Debug|Any CPU.Build.0 = Debug|Any CPU
		{75A5279C-5C20-41CB-9E9C-C56EC1C59665}.Debug|x64.ActiveCfg = Debug|x64
		{75A5279C-5C20-41CB-9E9C-C56EC1C59665}.Debug|x64.Build.0 = Debug|x64
		{75A5279C-5C20-41CB-9E9C-C56EC1C59665}.Debug|x86.ActiveCfg = Debug|x86
		{75A5279C-5C20-41CB-9E9C-C56EC1C59665}.Debug|x86.Build.0 = Debug|x86
		{75A5279C-5C20-41CB-9E9C-C56EC1C59665}.Release|Any CPU.ActiveCfg = Release|Any CPU
		{75A5279C-5C20-41CB-9E9C-C56EC1C59665}.Release|Any CPU.Build.0 = Release|Any CPU
		{75A5279C-5C20-41CB-9E9C-C56EC1C59665}.Release|x64.ActiveCfg = Release|x64
		{75A5279C-5C20-41CB-9E9C-C56EC1C59665}.Release|x64.Build.0 = Release|x64
		{75A5279C-5C20-41CB-9E9C-C56EC1C59665}.Release|x86.ActiveCfg = Release|x86
		{75A5279C-5C20-41CB-9E9C-C56EC1C59665}.Release|x86.Build.0 = Release|x86
		{7663DD7F-74E3-4F4E-8507-B61706E5A93C}.Debug|Any CPU.ActiveCfg = Debug|Any CPU
		{7663DD7F-74E3-4F4E-8507-B61706E5A93C}.Debug|Any CPU.Build.0 = Debug|Any CPU
		{7663DD7F-74E3-4F4E-8507-B61706E5A93C}.Debug|x64.ActiveCfg = Debug|x64
		{7663DD7F-74E3-4F4E-8507-B61706E5A93C}.Debug|x64.Build.0 = Debug|x64
		{7663DD7F-74E3-4F4E-8507-B61706E5A93C}.Debug|x86.ActiveCfg = Debug|x86
		{7663DD7F-74E3-4F4E-8507-B61706E5A93C}.Debug|x86.Build.0 = Debug|x86
		{7663DD7F-74E3-4F4E-8507-B61706E5A93C}.Release|Any CPU.ActiveCfg = Release|Any CPU
		{7663DD7F-74E3-4F4E-8507-B61706E5A93C}.Release|Any CPU.Build.0 = Release|Any CPU
		{7663DD7F-74E3-4F4E-8507-B61706E5A93C}.Release|x64.ActiveCfg = Release|x64
		{7663DD7F-74E3-4F4E-8507-B61706E5A93C}.Release|x64.Build.0 = Release|x64
		{7663DD7F-74E3-4F4E-8507-B61706E5A93C}.Release|x86.ActiveCfg = Release|x86
		{7663DD7F-74E3-4F4E-8507-B61706E5A93C}.Release|x86.Build.0 = Release|x86
	EndGlobalSection
EndGlobal
